<?xml version="1.0" encoding="utf-8"?>
<Project ToolsVersion="4.0" xmlns="http://schemas.microsoft.com/developer/msbuild/2003">
  <ItemGroup>
    <ClCompile Include="D:\taglib-1.7\taglib\mpeg\mpegfile.cpp">
      <Filter>Source Files</Filter>
    </ClCompile>
    <ClCompile Include="D:\taglib-1.7\taglib\mpeg\mpegproperties.cpp">
      <Filter>Source Files</Filter>
    </ClCompile>
    <ClCompile Include="D:\taglib-1.7\taglib\mpeg\mpegheader.cpp">
      <Filter>Source Files</Filter>
    </ClCompile>
    <ClCompile Include="D:\taglib-1.7\taglib\mpeg\xingheader.cpp">
      <Filter>Source Files</Filter>
    </ClCompile>
    <ClCompile Include="D:\taglib-1.7\taglib\mpeg\id3v1\id3v1tag.cpp">
      <Filter>Source Files</Filter>
    </ClCompile>
    <ClCompile Include="D:\taglib-1.7\taglib\mpeg\id3v1\id3v1genres.cpp">
      <Filter>Source Files</Filter>
    </ClCompile>
    <ClCompile Include="D:\taglib-1.7\taglib\mpeg\id3v2\id3v2framefactory.cpp">
      <Filter>Source Files</Filter>
    </ClCompile>
    <ClCompile Include="D:\taglib-1.7\taglib\mpeg\id3v2\id3v2synchdata.cpp">
      <Filter>Source Files</Filter>
    </ClCompile>
    <ClCompile Include="D:\taglib-1.7\taglib\mpeg\id3v2\id3v2tag.cpp">
      <Filter>Source Files</Filter>
    </ClCompile>
    <ClCompile Include="D:\taglib-1.7\taglib\mpeg\id3v2\id3v2header.cpp">
      <Filter>Source Files</Filter>
    </ClCompile>
    <ClCompile Include="D:\taglib-1.7\taglib\mpeg\id3v2\id3v2frame.cpp">
      <Filter>Source Files</Filter>
    </ClCompile>
    <ClCompile Include="D:\taglib-1.7\taglib\mpeg\id3v2\id3v2footer.cpp">
      <Filter>Source Files</Filter>
    </ClCompile>
    <ClCompile Include="D:\taglib-1.7\taglib\mpeg\id3v2\id3v2extendedheader.cpp">
      <Filter>Source Files</Filter>
    </ClCompile>
    <ClCompile Include="D:\taglib-1.7\taglib\mpeg\id3v2\frames\attachedpictureframe.cpp">
      <Filter>Source Files</Filter>
    </ClCompile>
    <ClCompile Include="D:\taglib-1.7\taglib\mpeg\id3v2\frames\commentsframe.cpp">
      <Filter>Source Files</Filter>
    </ClCompile>
    <ClCompile Include="D:\taglib-1.7\taglib\mpeg\id3v2\frames\generalencapsulatedobjectframe.cpp">
      <Filter>Source Files</Filter>
    </ClCompile>
    <ClCompile Include="D:\taglib-1.7\taglib\mpeg\id3v2\frames\popularimeterframe.cpp">
      <Filter>Source Files</Filter>
    </ClCompile>
    <ClCompile Include="D:\taglib-1.7\taglib\mpeg\id3v2\frames\privateframe.cpp">
      <Filter>Source Files</Filter>
    </ClCompile>
    <ClCompile Include="D:\taglib-1.7\taglib\mpeg\id3v2\frames\relativevolumeframe.cpp">
      <Filter>Source Files</Filter>
    </ClCompile>
    <ClCompile Include="D:\taglib-1.7\taglib\mpeg\id3v2\frames\textidentificationframe.cpp">
      <Filter>Source Files</Filter>
    </ClCompile>
    <ClCompile Include="D:\taglib-1.7\taglib\mpeg\id3v2\frames\uniquefileidentifierframe.cpp">
      <Filter>Source Files</Filter>
    </ClCompile>
    <ClCompile Include="D:\taglib-1.7\taglib\mpeg\id3v2\frames\unknownframe.cpp">
      <Filter>Source Files</Filter>
    </ClCompile>
    <ClCompile Include="D:\taglib-1.7\taglib\mpeg\id3v2\frames\unsynchronizedlyricsframe.cpp">
      <Filter>Source Files</Filter>
    </ClCompile>
    <ClCompile Include="D:\taglib-1.7\taglib\mpeg\id3v2\frames\urllinkframe.cpp">
      <Filter>Source Files</Filter>
    </ClCompile>
    <ClCompile Include="D:\taglib-1.7\taglib\ogg\oggfile.cpp">
      <Filter>Source Files</Filter>
    </ClCompile>
    <ClCompile Include="D:\taglib-1.7\taglib\ogg\oggpage.cpp">
      <Filter>Source Files</Filter>
    </ClCompile>
    <ClCompile Include="D:\taglib-1.7\taglib\ogg\oggpageheader.cpp">
      <Filter>Source Files</Filter>
    </ClCompile>
    <ClCompile Include="D:\taglib-1.7\taglib\ogg\xiphcomment.cpp">
      <Filter>Source Files</Filter>
    </ClCompile>
    <ClCompile Include="D:\taglib-1.7\taglib\ogg\vorbis\vorbisfile.cpp">
      <Filter>Source Files</Filter>
    </ClCompile>
    <ClCompile Include="D:\taglib-1.7\taglib\ogg\vorbis\vorbisproperties.cpp">
      <Filter>Source Files</Filter>
    </ClCompile>
    <ClCompile Include="D:\taglib-1.7\taglib\ogg\flac\oggflacfile.cpp">
      <Filter>Source Files</Filter>
    </ClCompile>
    <ClCompile Include="D:\taglib-1.7\taglib\mpc\mpcfile.cpp">
      <Filter>Source Files</Filter>
    </ClCompile>
    <ClCompile Include="D:\taglib-1.7\taglib\mpc\mpcproperties.cpp">
      <Filter>Source Files</Filter>
    </ClCompile>
    <ClCompile Include="D:\taglib-1.7\taglib\ape\apetag.cpp">
      <Filter>Source Files</Filter>
    </ClCompile>
    <ClCompile Include="D:\taglib-1.7\taglib\ape\apefooter.cpp">
      <Filter>Source Files</Filter>
    </ClCompile>
    <ClCompile Include="D:\taglib-1.7\taglib\ape\apeitem.cpp">
      <Filter>Source Files</Filter>
    </ClCompile>
    <ClCompile Include="D:\taglib-1.7\taglib\ape\apefile.cpp">
      <Filter>Source Files</Filter>
    </ClCompile>
    <ClCompile Include="D:\taglib-1.7\taglib\ape\apeproperties.cpp">
      <Filter>Source Files</Filter>
    </ClCompile>
    <ClCompile Include="D:\taglib-1.7\taglib\toolkit\tstring.cpp">
      <Filter>Source Files</Filter>
    </ClCompile>
    <ClCompile Include="D:\taglib-1.7\taglib\toolkit\tstringlist.cpp">
      <Filter>Source Files</Filter>
    </ClCompile>
    <ClCompile Include="D:\taglib-1.7\taglib\toolkit\tbytevector.cpp">
      <Filter>Source Files</Filter>
    </ClCompile>
    <ClCompile Include="D:\taglib-1.7\taglib\toolkit\tbytevectorlist.cpp">
      <Filter>Source Files</Filter>
    </ClCompile>
    <ClCompile Include="D:\taglib-1.7\taglib\toolkit\tfile.cpp">
      <Filter>Source Files</Filter>
    </ClCompile>
    <ClCompile Include="D:\taglib-1.7\taglib\toolkit\tdebug.cpp">
      <Filter>Source Files</Filter>
    </ClCompile>
    <ClCompile Include="D:\taglib-1.7\taglib\toolkit\unicode.cpp">
      <Filter>Source Files</Filter>
    </ClCompile>
    <ClCompile Include="D:\taglib-1.7\taglib\flac\flacfile.cpp">
      <Filter>Source Files</Filter>
    </ClCompile>
    <ClCompile Include="D:\taglib-1.7\taglib\flac\flacpicture.cpp">
      <Filter>Source Files</Filter>
    </ClCompile>
    <ClCompile Include="D:\taglib-1.7\taglib\flac\flacproperties.cpp">
      <Filter>Source Files</Filter>
    </ClCompile>
    <ClCompile Include="D:\taglib-1.7\taglib\flac\flacmetadatablock.cpp">
      <Filter>Source Files</Filter>
    </ClCompile>
    <ClCompile Include="D:\taglib-1.7\taglib\flac\flacunknownmetadatablock.cpp">
      <Filter>Source Files</Filter>
    </ClCompile>
    <ClCompile Include="D:\taglib-1.7\taglib\wavpack\wavpackfile.cpp">
      <Filter>Source Files</Filter>
    </ClCompile>
    <ClCompile Include="D:\taglib-1.7\taglib\wavpack\wavpackproperties.cpp">
      <Filter>Source Files</Filter>
    </ClCompile>
    <ClCompile Include="D:\taglib-1.7\taglib\ogg\speex\speexfile.cpp">
      <Filter>Source Files</Filter>
    </ClCompile>
    <ClCompile Include="D:\taglib-1.7\taglib\ogg\speex\speexproperties.cpp">
      <Filter>Source Files</Filter>
    </ClCompile>
    <ClCompile Include="D:\taglib-1.7\taglib\trueaudio\trueaudiofile.cpp">
      <Filter>Source Files</Filter>
    </ClCompile>
    <ClCompile Include="D:\taglib-1.7\taglib\trueaudio\trueaudioproperties.cpp">
      <Filter>Source Files</Filter>
    </ClCompile>
    <ClCompile Include="D:\taglib-1.7\taglib\riff\rifffile.cpp">
      <Filter>Source Files</Filter>
    </ClCompile>
    <ClCompile Include="D:\taglib-1.7\taglib\riff\aiff\aifffile.cpp">
      <Filter>Source Files</Filter>
    </ClCompile>
    <ClCompile Include="D:\taglib-1.7\taglib\riff\aiff\aiffproperties.cpp">
      <Filter>Source Files</Filter>
    </ClCompile>
    <ClCompile Include="D:\taglib-1.7\taglib\riff\wav\wavfile.cpp">
      <Filter>Source Files</Filter>
    </ClCompile>
    <ClCompile Include="D:\taglib-1.7\taglib\riff\wav\wavproperties.cpp">
      <Filter>Source Files</Filter>
    </ClCompile>
    <ClCompile Include="D:\taglib-1.7\taglib\mp4\mp4file.cpp">
      <Filter>Source Files</Filter>
    </ClCompile>
    <ClCompile Include="D:\taglib-1.7\taglib\mp4\mp4atom.cpp">
      <Filter>Source Files</Filter>
    </ClCompile>
    <ClCompile Include="D:\taglib-1.7\taglib\mp4\mp4tag.cpp">
      <Filter>Source Files</Filter>
    </ClCompile>
    <ClCompile Include="D:\taglib-1.7\taglib\mp4\mp4item.cpp">
      <Filter>Source Files</Filter>
    </ClCompile>
    <ClCompile Include="D:\taglib-1.7\taglib\mp4\mp4properties.cpp">
      <Filter>Source Files</Filter>
    </ClCompile>
    <ClCompile Include="D:\taglib-1.7\taglib\mp4\mp4coverart.cpp">
      <Filter>Source Files</Filter>
    </ClCompile>
    <ClCompile Include="D:\taglib-1.7\taglib\asf\asftag.cpp">
      <Filter>Source Files</Filter>
    </ClCompile>
    <ClCompile Include="D:\taglib-1.7\taglib\asf\asffile.cpp">
      <Filter>Source Files</Filter>
    </ClCompile>
    <ClCompile Include="D:\taglib-1.7\taglib\asf\asfproperties.cpp">
      <Filter>Source Files</Filter>
    </ClCompile>
    <ClCompile Include="D:\taglib-1.7\taglib\asf\asfattribute.cpp">
      <Filter>Source Files</Filter>
    </ClCompile>
    <ClCompile Include="D:\taglib-1.7\taglib\asf\asfpicture.cpp">
      <Filter>Source Files</Filter>
    </ClCompile>
    <ClCompile Include="D:\taglib-1.7\taglib\tag.cpp">
      <Filter>Source Files</Filter>
    </ClCompile>
    <ClCompile Include="D:\taglib-1.7\taglib\tagunion.cpp">
      <Filter>Source Files</Filter>
    </ClCompile>
    <ClCompile Include="D:\taglib-1.7\taglib\fileref.cpp">
      <Filter>Source Files</Filter>
    </ClCompile>
    <ClCompile Include="D:\taglib-1.7\taglib\audioproperties.cpp">
      <Filter>Source Files</Filter>
    </ClCompile>
  </ItemGroup>
  <ItemGroup>
  </ItemGroup>
  <ItemGroup>
  </ItemGroup>
  <ItemGroup>
  </ItemGroup>
  <ItemGroup>
    <CustomBuild Include="CMakeLists.txt" />
  </ItemGroup>
  <ItemGroup>
    <Filter Include="Source Files">
      <UniqueIdentifier>{E238FA79-18E4-4D13-A2E1-A8C71AE24F59}</UniqueIdentifier>
    </Filter>
  </ItemGroup>
  <ItemGroup>
  </ItemGroup>
</Project>
